
Microsoft Visual Studio Solution File, Format Version 12.00
# Visual Studio Version 17
VisualStudioVersion = 17.13.35931.197 d17.13
MinimumVisualStudioVersion = 10.0.40219.1
Project("{FAE04EC0-301F-11D3-BF4B-00C04F79EFBC}") = "13-3", "13-3\13-3.csproj", "{CD5EC3CD-EE0D-42E4-AB14-51DDB451F960}"
EndProject
Global
	GlobalSection(SolutionConfigurationPlatforms) = preSolution
		Debug|Any CPU = Debug|Any CPU
		Release|Any CPU = Release|Any CPU
	EndGlobalSection
	GlobalSection(ProjectConfigurationPlatforms) = postSolution
		{CD5EC3CD-EE0D-42E4-AB14-51DDB451F960}.Debug|Any CPU.ActiveCfg = Debug|Any CPU
		{CD5EC3CD-EE0D-42E4-AB14-51DDB451F960}.Debug|Any CPU.Build.0 = Debug|Any CPU
		{CD5EC3CD-EE0D-42E4-AB14-51DDB451F960}.Release|Any CPU.ActiveCfg = Release|Any CPU
		{CD5EC3CD-EE0D-42E4-AB14-51DDB451F960}.Release|Any CPU.Build.0 = Release|Any CPU
	EndGlobalSection
	GlobalSection(SolutionProperties) = preSolution
		HideSolutionNode = FALSE
	EndGlobalSection
	GlobalSection(ExtensibilityGlobals) = postSolution
		SolutionGuid = {22B37B2E-09BF-42EC-8BD3-9FEBF4289511}
	EndGlobalSection
EndGlobal
